
Microsoft Visual Studio Solution File, Format Version 12.00
# Visual Studio Version 17
VisualStudioVersion = 17.10.35122.118
MinimumVisualStudioVersion = 10.0.40219.1
Project("{FAE04EC0-301F-11D3-BF4B-00C04F79EFBC}") = "Resistor color", "Resistor color\Resistor color.csproj", "{002B8D34-CBC9-4A67-A98C-47642B07134D}"
EndProject
Global
	GlobalSection(SolutionConfigurationPlatforms) = preSolution
		Debug|Any CPU = Debug|Any CPU
		Release|Any CPU = Release|Any CPU
	EndGlobalSection
	GlobalSection(ProjectConfigurationPlatforms) = postSolution
		{002B8D34-CBC9-4A67-A98C-47642B07134D}.Debug|Any CPU.ActiveCfg = Debug|Any CPU
		{002B8D34-CBC9-4A67-A98C-47642B07134D}.Debug|Any CPU.Build.0 = Debug|Any CPU
		{002B8D34-CBC9-4A67-A98C-47642B07134D}.Release|Any CPU.ActiveCfg = Release|Any CPU
		{002B8D34-CBC9-4A67-A98C-47642B07134D}.Release|Any CPU.Build.0 = Release|Any CPU
	EndGlobalSection
	GlobalSection(SolutionProperties) = preSolution
		HideSolutionNode = FALSE
	EndGlobalSection
	GlobalSection(ExtensibilityGlobals) = postSolution
		SolutionGuid = {D26C0AB6-42D7-406F-A266-C02B40353BD8}
	EndGlobalSection
EndGlobal
